// !$*UTF8*$!
{
	archiveVersion = 1;
	classes = {
	};
	objectVersion = 56;
	objects = {

/* Begin PBXBuildFile section */
		FAD2604F29437F8100E4A9D1 /* Online_ShopApp.swift in Sources */ = {isa = PBXBuildFile; fileRef = FAD2604E29437F8100E4A9D1 /* Online_ShopApp.swift */; };
		FAD2605129437F8100E4A9D1 /* OnlineShopView.swift in Sources */ = {isa = PBXBuildFile; fileRef = FAD2605029437F8100E4A9D1 /* OnlineShopView.swift */; };
		FAD2605329437F8500E4A9D1 /* Assets.xcassets in Resources */ = {isa = PBXBuildFile; fileRef = FAD2605229437F8500E4A9D1 /* Assets.xcassets */; };
		FAD2605629437F8500E4A9D1 /* Preview Assets.xcassets in Resources */ = {isa = PBXBuildFile; fileRef = FAD2605529437F8500E4A9D1 /* Preview Assets.xcassets */; };
		FAD2605D2943833600E4A9D1 /* ColorTheme.swift in Sources */ = {isa = PBXBuildFile; fileRef = FAD2605C2943833600E4A9D1 /* ColorTheme.swift */; };
		FAD26060294384DB00E4A9D1 /* HomeView.swift in Sources */ = {isa = PBXBuildFile; fileRef = FAD2605F294384DB00E4A9D1 /* HomeView.swift */; };
		FAD260622943850F00E4A9D1 /* ShopView.swift in Sources */ = {isa = PBXBuildFile; fileRef = FAD260612943850F00E4A9D1 /* ShopView.swift */; };
		FAD260642943852300E4A9D1 /* CartView.swift in Sources */ = {isa = PBXBuildFile; fileRef = FAD260632943852300E4A9D1 /* CartView.swift */; };
		FAD260662943853800E4A9D1 /* ProfileView.swift in Sources */ = {isa = PBXBuildFile; fileRef = FAD260652943853800E4A9D1 /* ProfileView.swift */; };
/* End PBXBuildFile section */

/* Begin PBXFileReference section */
		FAD2604B29437F8100E4A9D1 /* Online Shop.app */ = {isa = PBXFileReference; explicitFileType = wrapper.application; includeInIndex = 0; path = "Online Shop.app"; sourceTree = BUILT_PRODUCTS_DIR; };
		FAD2604E29437F8100E4A9D1 /* Online_ShopApp.swift */ = {isa = PBXFileReference; lastKnownFileType = sourcecode.swift; path = Online_ShopApp.swift; sourceTree = "<group>"; };
		FAD2605029437F8100E4A9D1 /* OnlineShopView.swift */ = {isa = PBXFileReference; lastKnownFileType = sourcecode.swift; path = OnlineShopView.swift; sourceTree = "<group>"; };
		FAD2605229437F8500E4A9D1 /* Assets.xcassets */ = {isa = PBXFileReference; lastKnownFileType = folder.assetcatalog; path = Assets.xcassets; sourceTree = "<group>"; };
		FAD2605529437F8500E4A9D1 /* Preview Assets.xcassets */ = {isa = PBXFileReference; lastKnownFileType = folder.assetcatalog; path = "Preview Assets.xcassets"; sourceTree = "<group>"; };
		FAD2605C2943833600E4A9D1 /* ColorTheme.swift */ = {isa = PBXFileReference; lastKnownFileType = sourcecode.swift; path = ColorTheme.swift; sourceTree = "<group>"; };
		FAD2605F294384DB00E4A9D1 /* HomeView.swift */ = {isa = PBXFileReference; lastKnownFileType = sourcecode.swift; path = HomeView.swift; sourceTree = "<group>"; };
		FAD260612943850F00E4A9D1 /* ShopView.swift */ = {isa = PBXFileReference; lastKnownFileType = sourcecode.swift; path = ShopView.swift; sourceTree = "<group>"; };
		FAD260632943852300E4A9D1 /* CartView.swift */ = {isa = PBXFileReference; lastKnownFileType = sourcecode.swift; path = CartView.swift; sourceTree = "<group>"; };
		FAD260652943853800E4A9D1 /* ProfileView.swift */ = {isa = PBXFileReference; lastKnownFileType = sourcecode.swift; path = ProfileView.swift; sourceTree = "<group>"; };
/* End PBXFileReference section */

/* Begin PBXFrameworksBuildPhase section */
		FAD2604829437F8100E4A9D1 /* Frameworks */ = {
			isa = PBXFrameworksBuildPhase;
			buildActionMask = 2147483647;
			files = (
			);
			runOnlyForDeploymentPostprocessing = 0;
		};
/* End PBXFrameworksBuildPhase section */

/* Begin PBXGroup section */
		FAD2604229437F8000E4A9D1 = {
			isa = PBXGroup;
			children = (
				FAD2604D29437F8100E4A9D1 /* Online Shop */,
				FAD2604C29437F8100E4A9D1 /* Products */,
			);
			sourceTree = "<group>";
		};
		FAD2604C29437F8100E4A9D1 /* Products */ = {
			isa = PBXGroup;
			children = (
				FAD2604B29437F8100E4A9D1 /* Online Shop.app */,
			);
			name = Products;
			sourceTree = "<group>";
		};
		FAD2604D29437F8100E4A9D1 /* Online Shop */ = {
			isa = PBXGroup;
			children = (
				FAD2604E29437F8100E4A9D1 /* Online_ShopApp.swift */,
				FAD2605029437F8100E4A9D1 /* OnlineShopView.swift */,
				FAD2605E294384C400E4A9D1 /* Pages */,
				FAD260672943854A00E4A9D1 /* Extension */,
				FAD2605229437F8500E4A9D1 /* Assets.xcassets */,
				FAD2605429437F8500E4A9D1 /* Preview Content */,
			);
			path = "Online Shop";
			sourceTree = "<group>";
		};
		FAD2605429437F8500E4A9D1 /* Preview Content */ = {
			isa = PBXGroup;
			children = (
				FAD2605529437F8500E4A9D1 /* Preview Assets.xcassets */,
			);
			path = "Preview Content";
			sourceTree = "<group>";
		};
		FAD2605E294384C400E4A9D1 /* Pages */ = {
			isa = PBXGroup;
			children = (
				FAD2605F294384DB00E4A9D1 /* HomeView.swift */,
				FAD260612943850F00E4A9D1 /* ShopView.swift */,
				FAD260632943852300E4A9D1 /* CartView.swift */,
				FAD260652943853800E4A9D1 /* ProfileView.swift */,
			);
			path = Pages;
			sourceTree = "<group>";
		};
		FAD260672943854A00E4A9D1 /* Extension */ = {
			isa = PBXGroup;
			children = (
				FAD2605C2943833600E4A9D1 /* ColorTheme.swift */,
			);
			path = Extension;
			sourceTree = "<group>";
		};
/* End PBXGroup section */

/* Begin PBXNativeTarget section */
		FAD2604A29437F8100E4A9D1 /* Online Shop */ = {
			isa = PBXNativeTarget;
			buildConfigurationList = FAD2605929437F8500E4A9D1 /* Build configuration list for PBXNativeTarget "Online Shop" */;
			buildPhases = (
				FAD2604729437F8100E4A9D1 /* Sources */,
				FAD2604829437F8100E4A9D1 /* Frameworks */,
				FAD2604929437F8100E4A9D1 /* Resources */,
			);
			buildRules = (
			);
			dependencies = (
			);
			name = "Online Shop";
			productName = "Online Shop";
			productReference = FAD2604B29437F8100E4A9D1 /* Online Shop.app */;
			productType = "com.apple.product-type.application";
		};
/* End PBXNativeTarget section */

/* Begin PBXProject section */
		FAD2604329437F8100E4A9D1 /* Project object */ = {
			isa = PBXProject;
			attributes = {
				BuildIndependentTargetsInParallel = 1;
				LastSwiftUpdateCheck = 1410;
				LastUpgradeCheck = 1410;
				TargetAttributes = {
					FAD2604A29437F8100E4A9D1 = {
						CreatedOnToolsVersion = 14.1;
					};
				};
			};
			buildConfigurationList = FAD2604629437F8100E4A9D1 /* Build configuration list for PBXProject "Online Shop" */;
			compatibilityVersion = "Xcode 14.0";
			developmentRegion = en;
			hasScannedForEncodings = 0;
			knownRegions = (
				en,
				Base,
			);
			mainGroup = FAD2604229437F8000E4A9D1;
			productRefGroup = FAD2604C29437F8100E4A9D1 /* Products */;
			projectDirPath = "";
			projectRoot = "";
			targets = (
				FAD2604A29437F8100E4A9D1 /* Online Shop */,
			);
		};
/* End PBXProject section */

/* Begin PBXResourcesBuildPhase section */
		FAD2604929437F8100E4A9D1 /* Resources */ = {
			isa = PBXResourcesBuildPhase;
			buildActionMask = 2147483647;
			files = (
				FAD2605629437F8500E4A9D1 /* Preview Assets.xcassets in Resources */,
				FAD2605329437F8500E4A9D1 /* Assets.xcassets in Resources */,
			);
			runOnlyForDeploymentPostprocessing = 0;
		};
/* End PBXResourcesBuildPhase section */

/* Begin PBXSourcesBuildPhase section */
		FAD2604729437F8100E4A9D1 /* Sources */ = {
			isa = PBXSourcesBuildPhase;
			buildActionMask = 2147483647;
			files = (
				FAD260642943852300E4A9D1 /* CartView.swift in Sources */,
				FAD2605D2943833600E4A9D1 /* ColorTheme.swift in Sources */,
				FAD26060294384DB00E4A9D1 /* HomeView.swift in Sources */,
				FAD2605129437F8100E4A9D1 /* OnlineShopView.swift in Sources */,
				FAD260622943850F00E4A9D1 /* ShopView.swift in Sources */,
				FAD260662943853800E4A9D1 /* ProfileView.swift in Sources */,
				FAD2604F29437F8100E4A9D1 /* Online_ShopApp.swift in Sources */,
			);
			runOnlyForDeploymentPostprocessing = 0;
		};
/* End PBXSourcesBuildPhase section */

/* Begin XCBuildConfiguration section */
		FAD2605729437F8500E4A9D1 /* Debug */ = {
			isa = XCBuildConfiguration;
			buildSettings = {
				ALWAYS_SEARCH_USER_PATHS = NO;
				CLANG_ANALYZER_NONNULL = YES;
				CLANG_ANALYZER_NUMBER_OBJECT_CONVERSION = YES_AGGRESSIVE;
				CLANG_CXX_LANGUAGE_STANDARD = "gnu++20";
				CLANG_ENABLE_MODULES = YES;
				CLANG_ENABLE_OBJC_ARC = YES;
				CLANG_ENABLE_OBJC_WEAK = YES;
				CLANG_WARN_BLOCK_CAPTURE_AUTORELEASING = YES;
				CLANG_WARN_BOOL_CONVERSION = YES;
				CLANG_WARN_COMMA = YES;
				CLANG_WARN_CONSTANT_CONVERSION = YES;
				CLANG_WARN_DEPRECATED_OBJC_IMPLEMENTATIONS = YES;
				CLANG_WARN_DIRECT_OBJC_ISA_USAGE = YES_ERROR;
				CLANG_WARN_DOCUMENTATION_COMMENTS = YES;
				CLANG_WARN_EMPTY_BODY = YES;
				CLANG_WARN_ENUM_CONVERSION = YES;
				CLANG_WARN_INFINITE_RECURSION = YES;
				CLANG_WARN_INT_CONVERSION = YES;
				CLANG_WARN_NON_LITERAL_NULL_CONVERSION = YES;
				CLANG_WARN_OBJC_IMPLICIT_RETAIN_SELF = YES;
				CLANG_WARN_OBJC_LITERAL_CONVERSION = YES;
				CLANG_WARN_OBJC_ROOT_CLASS = YES_ERROR;
				CLANG_WARN_QUOTED_INCLUDE_IN_FRAMEWORK_HEADER = YES;
				CLANG_WARN_RANGE_LOOP_ANALYSIS = YES;
				CLANG_WARN_STRICT_PROTOTYPES = YES;
				CLANG_WARN_SUSPICIOUS_MOVE = YES;
				CLANG_WARN_UNGUARDED_AVAILABILITY = YES_AGGRESSIVE;
				CLANG_WARN_UNREACHABLE_CODE = YES;
				CLANG_WARN__DUPLICATE_METHOD_MATCH = YES;
				COPY_PHASE_STRIP = NO;
				DEBUG_INFORMATION_FORMAT = dwarf;
				ENABLE_STRICT_OBJC_MSGSEND = YES;
				ENABLE_TESTABILITY = YES;
				GCC_C_LANGUAGE_STANDARD = gnu11;
				GCC_DYNAMIC_NO_PIC = NO;
				GCC_NO_COMMON_BLOCKS = YES;
				GCC_OPTIMIZATION_LEVEL = 0;
				GCC_PREPROCESSOR_DEFINITIONS = (
					"DEBUG=1",
					"$(inherited)",
				);
				GCC_WARN_64_TO_32_BIT_CONVERSION = YES;
				GCC_WARN_ABOUT_RETURN_TYPE = YES_ERROR;
				GCC_WARN_UNDECLARED_SELECTOR = YES;
				GCC_WARN_UNINITIALIZED_AUTOS = YES_AGGRESSIVE;
				GCC_WARN_UNUSED_FUNCTION = YES;
				GCC_WARN_UNUSED_VARIABLE = YES;
				IPHONEOS_DEPLOYMENT_TARGET = 16.1;
				MTL_ENABLE_DEBUG_INFO = INCLUDE_SOURCE;
				MTL_FAST_MATH = YES;
				ONLY_ACTIVE_ARCH = YES;
				SDKROOT = iphoneos;
				SWIFT_ACTIVE_COMPILATION_CONDITIONS = DEBUG;
				SWIFT_OPTIMIZATION_LEVEL = "-Onone";
			};
			name = Debug;
		};
		FAD2605829437F8500E4A9D1 /* Release */ = {
			isa = XCBuildConfiguration;
			buildSettings = {
				ALWAYS_SEARCH_USER_PATHS = NO;
				CLANG_ANALYZER_NONNULL = YES;
				CLANG_ANALYZER_NUMBER_OBJECT_CONVERSION = YES_AGGRESSIVE;
				CLANG_CXX_LANGUAGE_STANDARD = "gnu++20";
				CLANG_ENABLE_MODULES = YES;
				CLANG_ENABLE_OBJC_ARC = YES;
				CLANG_ENABLE_OBJC_WEAK = YES;
				CLANG_WARN_BLOCK_CAPTURE_AUTORELEASING = YES;
				CLANG_WARN_BOOL_CONVERSION = YES;
				CLANG_WARN_COMMA = YES;
				CLANG_WARN_CONSTANT_CONVERSION = YES;
				CLANG_WARN_DEPRECATED_OBJC_IMPLEMENTATIONS = YES;
				CLANG_WARN_DIRECT_OBJC_ISA_USAGE = YES_ERROR;
				CLANG_WARN_DOCUMENTATION_COMMENTS = YES;
				CLANG_WARN_EMPTY_BODY = YES;
				CLANG_WARN_ENUM_CONVERSION = YES;
				CLANG_WARN_INFINITE_RECURSION = YES;
				CLANG_WARN_INT_CONVERSION = YES;
				CLANG_WARN_NON_LITERAL_NULL_CONVERSION = YES;
				CLANG_WARN_OBJC_IMPLICIT_RETAIN_SELF = YES;
				CLANG_WARN_OBJC_LITERAL_CONVERSION = YES;
				CLANG_WARN_OBJC_ROOT_CLASS = YES_ERROR;
				CLANG_WARN_QUOTED_INCLUDE_IN_FRAMEWORK_HEADER = YES;
				CLANG_WARN_RANGE_LOOP_ANALYSIS = YES;
				CLANG_WARN_STRICT_PROTOTYPES = YES;
				CLANG_WARN_SUSPICIOUS_MOVE = YES;
				CLANG_WARN_UNGUARDED_AVAILABILITY = YES_AGGRESSIVE;
				CLANG_WARN_UNREACHABLE_CODE = YES;
				CLANG_WARN__DUPLICATE_METHOD_MATCH = YES;
				COPY_PHASE_STRIP = NO;
				DEBUG_INFORMATION_FORMAT = "dwarf-with-dsym";
				ENABLE_NS_ASSERTIONS = NO;
				ENABLE_STRICT_OBJC_MSGSEND = YES;
				GCC_C_LANGUAGE_STANDARD = gnu11;
				GCC_NO_COMMON_BLOCKS = YES;
				GCC_WARN_64_TO_32_BIT_CONVERSION = YES;
				GCC_WARN_ABOUT_RETURN_TYPE = YES_ERROR;
				GCC_WARN_UNDECLARED_SELECTOR = YES;
				GCC_WARN_UNINITIALIZED_AUTOS = YES_AGGRESSIVE;
				GCC_WARN_UNUSED_FUNCTION = YES;
				GCC_WARN_UNUSED_VARIABLE = YES;
				IPHONEOS_DEPLOYMENT_TARGET = 16.1;
				MTL_ENABLE_DEBUG_INFO = NO;
				MTL_FAST_MATH = YES;
				SDKROOT = iphoneos;
				SWIFT_COMPILATION_MODE = wholemodule;
				SWIFT_OPTIMIZATION_LEVEL = "-O";
				VALIDATE_PRODUCT = YES;
			};
			name = Release;
		};
		FAD2605A29437F8500E4A9D1 /* Debug */ = {
			isa = XCBuildConfiguration;
			buildSettings = {
				ASSETCATALOG_COMPILER_APPICON_NAME = AppIcon;
				ASSETCATALOG_COMPILER_GLOBAL_ACCENT_COLOR_NAME = AccentColor;
				CODE_SIGN_STYLE = Automatic;
				CURRENT_PROJECT_VERSION = 1;
				DEVELOPMENT_ASSET_PATHS = "\"Online Shop/Preview Content\"";
				DEVELOPMENT_TEAM = BM94HG5B27;
				ENABLE_PREVIEWS = YES;
				GENERATE_INFOPLIST_FILE = YES;
				INFOPLIST_KEY_UIApplicationSceneManifest_Generation = YES;
				INFOPLIST_KEY_UIApplicationSupportsIndirectInputEvents = YES;
				INFOPLIST_KEY_UILaunchScreen_Generation = YES;
				INFOPLIST_KEY_UISupportedInterfaceOrientations_iPad = "UIInterfaceOrientationPortrait UIInterfaceOrientationPortraitUpsideDown UIInterfaceOrientationLandscapeLeft UIInterfaceOrientationLandscapeRight";
				INFOPLIST_KEY_UISupportedInterfaceOrientations_iPhone = "UIInterfaceOrientationPortrait UIInterfaceOrientationLandscapeLeft UIInterfaceOrientationLandscapeRight";
				LD_RUNPATH_SEARCH_PATHS = (
					"$(inherited)",
					"@executable_path/Frameworks",
				);
				MARKETING_VERSION = 1.0;
				PRODUCT_BUNDLE_IDENTIFIER = "Pavel-Bohomolnyi.Online-Shop";
				PRODUCT_NAME = "$(TARGET_NAME)";
				SWIFT_EMIT_LOC_STRINGS = YES;
				SWIFT_VERSION = 5.0;
				TARGETED_DEVICE_FAMILY = "1,2";
			};
			name = Debug;
		};
		FAD2605B29437F8500E4A9D1 /* Release */ = {
			isa = XCBuildConfiguration;
			buildSettings = {
				ASSETCATALOG_COMPILER_APPICON_NAME = AppIcon;
				ASSETCATALOG_COMPILER_GLOBAL_ACCENT_COLOR_NAME = AccentColor;
				CODE_SIGN_STYLE = Automatic;
				CURRENT_PROJECT_VERSION = 1;
				DEVELOPMENT_ASSET_PATHS = "\"Online Shop/Preview Content\"";
				DEVELOPMENT_TEAM = BM94HG5B27;
				ENABLE_PREVIEWS = YES;
				GENERATE_INFOPLIST_FILE = YES;
				INFOPLIST_KEY_UIApplicationSceneManifest_Generation = YES;
				INFOPLIST_KEY_UIApplicationSupportsIndirectInputEvents = YES;
				INFOPLIST_KEY_UILaunchScreen_Generation = YES;
				INFOPLIST_KEY_UISupportedInterfaceOrientations_iPad = "UIInterfaceOrientationPortrait UIInterfaceOrientationPortraitUpsideDown UIInterfaceOrientationLandscapeLeft UIInterfaceOrientationLandscapeRight";
				INFOPLIST_KEY_UISupportedInterfaceOrientations_iPhone = "UIInterfaceOrientationPortrait UIInterfaceOrientationLandscapeLeft UIInterfaceOrientationLandscapeRight";
				LD_RUNPATH_SEARCH_PATHS = (
					"$(inherited)",
					"@executable_path/Frameworks",
				);
				MARKETING_VERSION = 1.0;
				PRODUCT_BUNDLE_IDENTIFIER = "Pavel-Bohomolnyi.Online-Shop";
				PRODUCT_NAME = "$(TARGET_NAME)";
				SWIFT_EMIT_LOC_STRINGS = YES;
				SWIFT_VERSION = 5.0;
				TARGETED_DEVICE_FAMILY = "1,2";
			};
			name = Release;
		};
/* End XCBuildConfiguration section */

/* Begin XCConfigurationList section */
		FAD2604629437F8100E4A9D1 /* Build configuration list for PBXProject "Online Shop" */ = {
			isa = XCConfigurationList;
			buildConfigurations = (
				FAD2605729437F8500E4A9D1 /* Debug */,
				FAD2605829437F8500E4A9D1 /* Release */,
			);
			defaultConfigurationIsVisible = 0;
			defaultConfigurationName = Release;
		};
		FAD2605929437F8500E4A9D1 /* Build configuration list for PBXNativeTarget "Online Shop" */ = {
			isa = XCConfigurationList;
			buildConfigurations = (
				FAD2605A29437F8500E4A9D1 /* Debug */,
				FAD2605B29437F8500E4A9D1 /* Release */,
			);
			defaultConfigurationIsVisible = 0;
			defaultConfigurationName = Release;
		};
/* End XCConfigurationList section */
	};
	rootObject = FAD2604329437F8100E4A9D1 /* Project object */;
}
